
Microsoft Visual Studio Solution File, Format Version 12.00
# Visual Studio Version 17
VisualStudioVersion = 17.5.33627.172
MinimumVisualStudioVersion = 10.0.40219.1
Project("{FAE04EC0-301F-11D3-BF4B-00C04F79EFBC}") = "RectanguleCheck", "RectanguleCheck.csproj", "{33EB1C69-6DC7-4FB5-9107-A1296F5BA137}"
EndProject
Global
	GlobalSection(SolutionConfigurationPlatforms) = preSolution
		Debug|Any CPU = Debug|Any CPU
		Release|Any CPU = Release|Any CPU
	EndGlobalSection
	GlobalSection(ProjectConfigurationPlatforms) = postSolution
		{33EB1C69-6DC7-4FB5-9107-A1296F5BA137}.Debug|Any CPU.ActiveCfg = Debug|Any CPU
		{33EB1C69-6DC7-4FB5-9107-A1296F5BA137}.Debug|Any CPU.Build.0 = Debug|Any CPU
		{33EB1C69-6DC7-4FB5-9107-A1296F5BA137}.Release|Any CPU.ActiveCfg = Release|Any CPU
		{33EB1C69-6DC7-4FB5-9107-A1296F5BA137}.Release|Any CPU.Build.0 = Release|Any CPU
	EndGlobalSection
	GlobalSection(SolutionProperties) = preSolution
		HideSolutionNode = FALSE
	EndGlobalSection
	GlobalSection(ExtensibilityGlobals) = postSolution
		SolutionGuid = {12B6941A-7E1F-4C05-A4F3-29A37B5A5F03}
	EndGlobalSection
EndGlobal
