
Microsoft Visual Studio Solution File, Format Version 12.00
# Visual Studio Version 17
VisualStudioVersion = 17.5.33627.172
MinimumVisualStudioVersion = 10.0.40219.1
Project("{FAE04EC0-301F-11D3-BF4B-00C04F79EFBC}") = "prueba", "prueba.csproj", "{D134D5DA-EE53-43E1-A5F1-6A515E3E9343}"
EndProject
Global
	GlobalSection(SolutionConfigurationPlatforms) = preSolution
		Debug|Any CPU = Debug|Any CPU
		Release|Any CPU = Release|Any CPU
	EndGlobalSection
	GlobalSection(ProjectConfigurationPlatforms) = postSolution
		{D134D5DA-EE53-43E1-A5F1-6A515E3E9343}.Debug|Any CPU.ActiveCfg = Debug|Any CPU
		{D134D5DA-EE53-43E1-A5F1-6A515E3E9343}.Debug|Any CPU.Build.0 = Debug|Any CPU
		{D134D5DA-EE53-43E1-A5F1-6A515E3E9343}.Release|Any CPU.ActiveCfg = Release|Any CPU
		{D134D5DA-EE53-43E1-A5F1-6A515E3E9343}.Release|Any CPU.Build.0 = Release|Any CPU
	EndGlobalSection
	GlobalSection(SolutionProperties) = preSolution
		HideSolutionNode = FALSE
	EndGlobalSection
	GlobalSection(ExtensibilityGlobals) = postSolution
		SolutionGuid = {EB563311-BBC9-459B-908C-D2E4C239DFAD}
	EndGlobalSection
EndGlobal
