
Microsoft Visual Studio Solution File, Format Version 12.00
# Visual Studio Version 17
VisualStudioVersion = 17.5.33627.172
MinimumVisualStudioVersion = 10.0.40219.1
Project("{FAE04EC0-301F-11D3-BF4B-00C04F79EFBC}") = "Ejercicios", "Ejercicios.csproj", "{79F33A16-B4D1-47B4-B707-A51E9C3F70D4}"
EndProject
Global
	GlobalSection(SolutionConfigurationPlatforms) = preSolution
		Debug|Any CPU = Debug|Any CPU
		Release|Any CPU = Release|Any CPU
	EndGlobalSection
	GlobalSection(ProjectConfigurationPlatforms) = postSolution
		{79F33A16-B4D1-47B4-B707-A51E9C3F70D4}.Debug|Any CPU.ActiveCfg = Debug|Any CPU
		{79F33A16-B4D1-47B4-B707-A51E9C3F70D4}.Debug|Any CPU.Build.0 = Debug|Any CPU
		{79F33A16-B4D1-47B4-B707-A51E9C3F70D4}.Release|Any CPU.ActiveCfg = Release|Any CPU
		{79F33A16-B4D1-47B4-B707-A51E9C3F70D4}.Release|Any CPU.Build.0 = Release|Any CPU
	EndGlobalSection
	GlobalSection(SolutionProperties) = preSolution
		HideSolutionNode = FALSE
	EndGlobalSection
	GlobalSection(ExtensibilityGlobals) = postSolution
		SolutionGuid = {E44669D8-6373-4271-8A3A-3DD5790272DA}
	EndGlobalSection
EndGlobal
