
Microsoft Visual Studio Solution File, Format Version 12.00
# Visual Studio Version 17
VisualStudioVersion = 17.5.33627.172
MinimumVisualStudioVersion = 10.0.40219.1
Project("{FAE04EC0-301F-11D3-BF4B-00C04F79EFBC}") = "HelloWorld", "HelloWorld\HelloWorld.csproj", "{39AAAAB8-57C8-49B9-906E-8080F723B188}"
EndProject
Global
	GlobalSection(SolutionConfigurationPlatforms) = preSolution
		Debug|Any CPU = Debug|Any CPU
		Release|Any CPU = Release|Any CPU
	EndGlobalSection
	GlobalSection(ProjectConfigurationPlatforms) = postSolution
		{39AAAAB8-57C8-49B9-906E-8080F723B188}.Debug|Any CPU.ActiveCfg = Debug|Any CPU
		{39AAAAB8-57C8-49B9-906E-8080F723B188}.Debug|Any CPU.Build.0 = Debug|Any CPU
		{39AAAAB8-57C8-49B9-906E-8080F723B188}.Release|Any CPU.ActiveCfg = Release|Any CPU
		{39AAAAB8-57C8-49B9-906E-8080F723B188}.Release|Any CPU.Build.0 = Release|Any CPU
	EndGlobalSection
	GlobalSection(SolutionProperties) = preSolution
		HideSolutionNode = FALSE
	EndGlobalSection
	GlobalSection(ExtensibilityGlobals) = postSolution
		SolutionGuid = {A7D4FD62-9BE9-4B4A-A538-F1E7ADCDAB23}
	EndGlobalSection
EndGlobal
