
Microsoft Visual Studio Solution File, Format Version 12.00
# Visual Studio Version 17
VisualStudioVersion = 17.5.33627.172
MinimumVisualStudioVersion = 10.0.40219.1
Project("{FAE04EC0-301F-11D3-BF4B-00C04F79EFBC}") = "leerachivos", "leerachivos.csproj", "{F3AE0706-5B7B-4962-AB3D-38EC447CECF7}"
EndProject
Global
	GlobalSection(SolutionConfigurationPlatforms) = preSolution
		Debug|Any CPU = Debug|Any CPU
		Release|Any CPU = Release|Any CPU
	EndGlobalSection
	GlobalSection(ProjectConfigurationPlatforms) = postSolution
		{F3AE0706-5B7B-4962-AB3D-38EC447CECF7}.Debug|Any CPU.ActiveCfg = Debug|Any CPU
		{F3AE0706-5B7B-4962-AB3D-38EC447CECF7}.Debug|Any CPU.Build.0 = Debug|Any CPU
		{F3AE0706-5B7B-4962-AB3D-38EC447CECF7}.Release|Any CPU.ActiveCfg = Release|Any CPU
		{F3AE0706-5B7B-4962-AB3D-38EC447CECF7}.Release|Any CPU.Build.0 = Release|Any CPU
	EndGlobalSection
	GlobalSection(SolutionProperties) = preSolution
		HideSolutionNode = FALSE
	EndGlobalSection
	GlobalSection(ExtensibilityGlobals) = postSolution
		SolutionGuid = {89AAB012-66DE-4C57-8DDB-CC89C7FA3191}
	EndGlobalSection
EndGlobal
