
Microsoft Visual Studio Solution File, Format Version 12.00
# Visual Studio Version 17
VisualStudioVersion = 17.5.33627.172
MinimumVisualStudioVersion = 10.0.40219.1
Project("{FAE04EC0-301F-11D3-BF4B-00C04F79EFBC}") = "PrintShape", "PrintShape.csproj", "{CC6E2F8E-CB05-4B32-9A8B-BD3F8672116B}"
EndProject
Global
	GlobalSection(SolutionConfigurationPlatforms) = preSolution
		Debug|Any CPU = Debug|Any CPU
		Release|Any CPU = Release|Any CPU
	EndGlobalSection
	GlobalSection(ProjectConfigurationPlatforms) = postSolution
		{CC6E2F8E-CB05-4B32-9A8B-BD3F8672116B}.Debug|Any CPU.ActiveCfg = Debug|Any CPU
		{CC6E2F8E-CB05-4B32-9A8B-BD3F8672116B}.Debug|Any CPU.Build.0 = Debug|Any CPU
		{CC6E2F8E-CB05-4B32-9A8B-BD3F8672116B}.Release|Any CPU.ActiveCfg = Release|Any CPU
		{CC6E2F8E-CB05-4B32-9A8B-BD3F8672116B}.Release|Any CPU.Build.0 = Release|Any CPU
	EndGlobalSection
	GlobalSection(SolutionProperties) = preSolution
		HideSolutionNode = FALSE
	EndGlobalSection
	GlobalSection(ExtensibilityGlobals) = postSolution
		SolutionGuid = {E7531BEC-B674-47A5-89E6-344A6EC96F40}
	EndGlobalSection
EndGlobal
