
Microsoft Visual Studio Solution File, Format Version 12.00
# Visual Studio Version 17
VisualStudioVersion = 17.5.33627.172
MinimumVisualStudioVersion = 10.0.40219.1
Project("{FAE04EC0-301F-11D3-BF4B-00C04F79EFBC}") = "programa de clase", "programa de clase.csproj", "{DBE850E2-4787-424F-B84D-BD7B31A632A9}"
EndProject
Global
	GlobalSection(SolutionConfigurationPlatforms) = preSolution
		Debug|Any CPU = Debug|Any CPU
		Release|Any CPU = Release|Any CPU
	EndGlobalSection
	GlobalSection(ProjectConfigurationPlatforms) = postSolution
		{DBE850E2-4787-424F-B84D-BD7B31A632A9}.Debug|Any CPU.ActiveCfg = Debug|Any CPU
		{DBE850E2-4787-424F-B84D-BD7B31A632A9}.Debug|Any CPU.Build.0 = Debug|Any CPU
		{DBE850E2-4787-424F-B84D-BD7B31A632A9}.Release|Any CPU.ActiveCfg = Release|Any CPU
		{DBE850E2-4787-424F-B84D-BD7B31A632A9}.Release|Any CPU.Build.0 = Release|Any CPU
	EndGlobalSection
	GlobalSection(SolutionProperties) = preSolution
		HideSolutionNode = FALSE
	EndGlobalSection
	GlobalSection(ExtensibilityGlobals) = postSolution
		SolutionGuid = {75C7EBE7-5A1E-4111-9073-24C836FB26AA}
	EndGlobalSection
EndGlobal
