
Microsoft Visual Studio Solution File, Format Version 12.00
# Visual Studio Version 17
VisualStudioVersion = 17.5.33627.172
MinimumVisualStudioVersion = 10.0.40219.1
Project("{FAE04EC0-301F-11D3-BF4B-00C04F79EFBC}") = "Exercise3", "Exercise3.csproj", "{F7254E08-133B-4F7C-B411-850B66D9379B}"
EndProject
Global
	GlobalSection(SolutionConfigurationPlatforms) = preSolution
		Debug|Any CPU = Debug|Any CPU
		Release|Any CPU = Release|Any CPU
	EndGlobalSection
	GlobalSection(ProjectConfigurationPlatforms) = postSolution
		{F7254E08-133B-4F7C-B411-850B66D9379B}.Debug|Any CPU.ActiveCfg = Debug|Any CPU
		{F7254E08-133B-4F7C-B411-850B66D9379B}.Debug|Any CPU.Build.0 = Debug|Any CPU
		{F7254E08-133B-4F7C-B411-850B66D9379B}.Release|Any CPU.ActiveCfg = Release|Any CPU
		{F7254E08-133B-4F7C-B411-850B66D9379B}.Release|Any CPU.Build.0 = Release|Any CPU
	EndGlobalSection
	GlobalSection(SolutionProperties) = preSolution
		HideSolutionNode = FALSE
	EndGlobalSection
	GlobalSection(ExtensibilityGlobals) = postSolution
		SolutionGuid = {10812D99-171F-44CF-AC09-12A0FF6ACC35}
	EndGlobalSection
EndGlobal
