
Microsoft Visual Studio Solution File, Format Version 12.00
# Visual Studio Version 17
VisualStudioVersion = 17.5.33627.172
MinimumVisualStudioVersion = 10.0.40219.1
Project("{FAE04EC0-301F-11D3-BF4B-00C04F79EFBC}") = "Prueba1", "Prueba1.csproj", "{DBEB9C3E-CE8A-4D8A-A67C-E5D8E5635E56}"
EndProject
Global
	GlobalSection(SolutionConfigurationPlatforms) = preSolution
		Debug|Any CPU = Debug|Any CPU
		Release|Any CPU = Release|Any CPU
	EndGlobalSection
	GlobalSection(ProjectConfigurationPlatforms) = postSolution
		{DBEB9C3E-CE8A-4D8A-A67C-E5D8E5635E56}.Debug|Any CPU.ActiveCfg = Debug|Any CPU
		{DBEB9C3E-CE8A-4D8A-A67C-E5D8E5635E56}.Debug|Any CPU.Build.0 = Debug|Any CPU
		{DBEB9C3E-CE8A-4D8A-A67C-E5D8E5635E56}.Release|Any CPU.ActiveCfg = Release|Any CPU
		{DBEB9C3E-CE8A-4D8A-A67C-E5D8E5635E56}.Release|Any CPU.Build.0 = Release|Any CPU
	EndGlobalSection
	GlobalSection(SolutionProperties) = preSolution
		HideSolutionNode = FALSE
	EndGlobalSection
	GlobalSection(ExtensibilityGlobals) = postSolution
		SolutionGuid = {C93E15E1-5AF4-4534-AFAF-02030067888A}
	EndGlobalSection
EndGlobal
