
Microsoft Visual Studio Solution File, Format Version 12.00
# Visual Studio Version 17
VisualStudioVersion = 17.5.33627.172
MinimumVisualStudioVersion = 10.0.40219.1
Project("{FAE04EC0-301F-11D3-BF4B-00C04F79EFBC}") = "MiPrimeraAplicacion", "MiPrimeraAplicacion.csproj", "{C740DC71-2235-4E97-B610-268A28B9632D}"
EndProject
Global
	GlobalSection(SolutionConfigurationPlatforms) = preSolution
		Debug|Any CPU = Debug|Any CPU
		Release|Any CPU = Release|Any CPU
	EndGlobalSection
	GlobalSection(ProjectConfigurationPlatforms) = postSolution
		{C740DC71-2235-4E97-B610-268A28B9632D}.Debug|Any CPU.ActiveCfg = Debug|Any CPU
		{C740DC71-2235-4E97-B610-268A28B9632D}.Debug|Any CPU.Build.0 = Debug|Any CPU
		{C740DC71-2235-4E97-B610-268A28B9632D}.Release|Any CPU.ActiveCfg = Release|Any CPU
		{C740DC71-2235-4E97-B610-268A28B9632D}.Release|Any CPU.Build.0 = Release|Any CPU
	EndGlobalSection
	GlobalSection(SolutionProperties) = preSolution
		HideSolutionNode = FALSE
	EndGlobalSection
	GlobalSection(ExtensibilityGlobals) = postSolution
		SolutionGuid = {AEA24C17-FA0A-4AA3-9C0B-58C5DC238C39}
	EndGlobalSection
EndGlobal
