
Microsoft Visual Studio Solution File, Format Version 12.00
# Visual Studio Version 17
VisualStudioVersion = 17.5.33627.172
MinimumVisualStudioVersion = 10.0.40219.1
Project("{FAE04EC0-301F-11D3-BF4B-00C04F79EFBC}") = "ejercicio2chapter10", "ejercicio2chapter10.csproj", "{F2AB1140-D5CB-4E36-98AE-7966CB8CE22E}"
EndProject
Global
	GlobalSection(SolutionConfigurationPlatforms) = preSolution
		Debug|Any CPU = Debug|Any CPU
		Release|Any CPU = Release|Any CPU
	EndGlobalSection
	GlobalSection(ProjectConfigurationPlatforms) = postSolution
		{F2AB1140-D5CB-4E36-98AE-7966CB8CE22E}.Debug|Any CPU.ActiveCfg = Debug|Any CPU
		{F2AB1140-D5CB-4E36-98AE-7966CB8CE22E}.Debug|Any CPU.Build.0 = Debug|Any CPU
		{F2AB1140-D5CB-4E36-98AE-7966CB8CE22E}.Release|Any CPU.ActiveCfg = Release|Any CPU
		{F2AB1140-D5CB-4E36-98AE-7966CB8CE22E}.Release|Any CPU.Build.0 = Release|Any CPU
	EndGlobalSection
	GlobalSection(SolutionProperties) = preSolution
		HideSolutionNode = FALSE
	EndGlobalSection
	GlobalSection(ExtensibilityGlobals) = postSolution
		SolutionGuid = {B51C520F-6287-4B51-885E-174AC32E886D}
	EndGlobalSection
EndGlobal
