
Microsoft Visual Studio Solution File, Format Version 12.00
# Visual Studio Version 17
VisualStudioVersion = 17.5.33627.172
MinimumVisualStudioVersion = 10.0.40219.1
Project("{FAE04EC0-301F-11D3-BF4B-00C04F79EFBC}") = "barchart2", "barchart2.csproj", "{66E8D8CF-2D05-41A1-80CB-44252AB4538C}"
EndProject
Global
	GlobalSection(SolutionConfigurationPlatforms) = preSolution
		Debug|Any CPU = Debug|Any CPU
		Release|Any CPU = Release|Any CPU
	EndGlobalSection
	GlobalSection(ProjectConfigurationPlatforms) = postSolution
		{66E8D8CF-2D05-41A1-80CB-44252AB4538C}.Debug|Any CPU.ActiveCfg = Debug|Any CPU
		{66E8D8CF-2D05-41A1-80CB-44252AB4538C}.Debug|Any CPU.Build.0 = Debug|Any CPU
		{66E8D8CF-2D05-41A1-80CB-44252AB4538C}.Release|Any CPU.ActiveCfg = Release|Any CPU
		{66E8D8CF-2D05-41A1-80CB-44252AB4538C}.Release|Any CPU.Build.0 = Release|Any CPU
	EndGlobalSection
	GlobalSection(SolutionProperties) = preSolution
		HideSolutionNode = FALSE
	EndGlobalSection
	GlobalSection(ExtensibilityGlobals) = postSolution
		SolutionGuid = {36B359C8-D72E-4EC0-96E5-F25764BFD89B}
	EndGlobalSection
EndGlobal
